{
    "version": 3,
    "terraform_version": "0.11.10",
    "serial": 21,
    "lineage": "2789f37c-2645-ab11-7b0d-6cadbf24e0a9",
    "modules": [
        {
            "path": [
                "root"
            ],
            "outputs": {},
            "resources": {
                "google_compute_instance.default": {
                    "type": "google_compute_instance",
                    "depends_on": [],
                    "primary": {
                        "id": "python-http-server",
                        "attributes": {
                            "attached_disk.#": "0",
                            "boot_disk.#": "1",
                            "boot_disk.0.auto_delete": "true",
                            "boot_disk.0.device_name": "persistent-disk-0",
                            "boot_disk.0.disk_encryption_key_raw": "",
                            "boot_disk.0.disk_encryption_key_sha256": "",
                            "boot_disk.0.initialize_params.#": "1",
                            "boot_disk.0.initialize_params.0.image": "https://www.googleapis.com/compute/v1/projects/centos-cloud/global/images/centos-7-v20181113",
                            "boot_disk.0.initialize_params.0.size": "10",
                            "boot_disk.0.initialize_params.0.type": "pd-standard",
                            "boot_disk.0.source": "https://www.googleapis.com/compute/v1/projects/vibrant-climber-188516/zones/us-east1-b/disks/python-http-server",
                            "can_ip_forward": "false",
                            "cpu_platform": "Intel Haswell",
                            "create_timeout": "4",
                            "deletion_protection": "false",
                            "guest_accelerator.#": "0",
                            "id": "python-http-server",
                            "instance_id": "5426783977794969391",
                            "label_fingerprint": "42WmSpB8rSM=",
                            "labels.%": "0",
                            "machine_type": "n1-standard-1",
                            "metadata.%": "1",
                            "metadata.sshKeys": "terraform:ssh-rsa AAAAB3NzaC1yc2EAAAADAQABAAABAQDs50i5jQLG//4X57EW42x8Erf4h+C2nUNmn4F/K3wgeawD0EYQuioVGg0F2uyt+v+P+ZqkjRqfBAI8iB4EeeOc7jIuIkXa89ND/CH7CqHCwYXEGU1o/y91FXgp/BTVtrK5poVF37PEvTB4z4xB0ayCHqDtXpP6UMsdpQ9rNOYutfs5KBHaEZjJ/gF+6iwdwBnDk4EvnGz5MteFzU8GhUwgSqg1iNf6naEIRBW1dCCziyxhSFTcnnOuf2XJeRRm9jWUUaCW6DNXxf6AlSUwU6ocb2tIyR9UIzJKfIRm+VC/ti8EAv2tGQ3tfLHFn0ERRO95RJvg1Yo3bkJZ1Mo7Z0J3 will_bennett@instance-2-copy\n",
                            "metadata_fingerprint": "HHgr4BFyjDM=",
                            "metadata_startup_script": "",
                            "min_cpu_platform": "",
                            "name": "python-http-server",
                            "network_interface.#": "1",
                            "network_interface.0.access_config.#": "1",
                            "network_interface.0.access_config.0.assigned_nat_ip": "104.196.218.11",
                            "network_interface.0.access_config.0.nat_ip": "104.196.218.11",
                            "network_interface.0.access_config.0.network_tier": "PREMIUM",
                            "network_interface.0.access_config.0.public_ptr_domain_name": "",
                            "network_interface.0.address": "10.142.0.3",
                            "network_interface.0.alias_ip_range.#": "0",
                            "network_interface.0.name": "nic0",
                            "network_interface.0.network": "https://www.googleapis.com/compute/v1/projects/vibrant-climber-188516/global/networks/default",
                            "network_interface.0.network_ip": "10.142.0.3",
                            "network_interface.0.subnetwork": "https://www.googleapis.com/compute/v1/projects/vibrant-climber-188516/regions/us-east1/subnetworks/default",
                            "network_interface.0.subnetwork_project": "vibrant-climber-188516",
                            "project": "vibrant-climber-188516",
                            "scheduling.#": "1",
                            "scheduling.0.automatic_restart": "false",
                            "scheduling.0.on_host_maintenance": "MIGRATE",
                            "scheduling.0.preemptible": "false",
                            "scratch_disk.#": "0",
                            "self_link": "https://www.googleapis.com/compute/v1/projects/vibrant-climber-188516/zones/us-east1-b/instances/python-http-server",
                            "service_account.#": "0",
                            "tags.#": "1",
                            "tags.3560713641": "python-http-server",
                            "tags_fingerprint": "SG7YFXeXdio=",
                            "zone": "us-east1-b"
                        },
                        "meta": {
                            "e2bfb730-ecaa-11e6-8f88-34363bc7c4c0": {
                                "create": 360000000000,
                                "delete": 360000000000,
                                "update": 360000000000
                            },
                            "schema_version": "6"
                        },
                        "tainted": false
                    },
                    "deposed": [],
                    "provider": "provider.google"
                }
            },
            "depends_on": []
        }
    ]
}
